
Microsoft Visual Studio Solution File, Format Version 12.00
# Visual Studio Version 16
VisualStudioVersion = 16.0.30717.126
MinimumVisualStudioVersion = 10.0.40219.1
Project("{FAE04EC0-301F-11D3-BF4B-00C04F79EFBC}") = "Video2Bits2", "Video2Bits2\Video2Bits2.csproj", "{F29BF282-F48B-4CD7-B99F-DA4F411A3045}"
EndProject
Global
	GlobalSection(SolutionConfigurationPlatforms) = preSolution
		Debug|Any CPU = Debug|Any CPU
		Release|Any CPU = Release|Any CPU
	EndGlobalSection
	GlobalSection(ProjectConfigurationPlatforms) = postSolution
		{F29BF282-F48B-4CD7-B99F-DA4F411A3045}.Debug|Any CPU.ActiveCfg = Debug|Any CPU
		{F29BF282-F48B-4CD7-B99F-DA4F411A3045}.Debug|Any CPU.Build.0 = Debug|Any CPU
		{F29BF282-F48B-4CD7-B99F-DA4F411A3045}.Release|Any CPU.ActiveCfg = Release|Any CPU
		{F29BF282-F48B-4CD7-B99F-DA4F411A3045}.Release|Any CPU.Build.0 = Release|Any CPU
	EndGlobalSection
	GlobalSection(SolutionProperties) = preSolution
		HideSolutionNode = FALSE
	EndGlobalSection
	GlobalSection(ExtensibilityGlobals) = postSolution
		SolutionGuid = {E7135C37-6486-49D8-84F3-B71E5A8A47B4}
	EndGlobalSection
EndGlobal
